# Core Framework & Transitive Dependencies
asgiref==3.8.1
sqlparse==0.5.3
typing-extensions==4.12.2
Django==5.2.16

# Database & Engine Drivers
mysqlclient==2.2.4

# API Engine & Helpers
pytz==2024.2
djangorestframework==3.15.2

# Cache, Redis & Async Protocols
async-timeout==4.0.3
redis==8.0.1

# Production WSGI Server & Process Management
packaging==24.1
gunicorn==22.0.0