# Core Framework & Transitive Dependencies
asgiref==3.8.1
sqlparse==0.5.3
typing-extensions==4.12.2
Django==5.2.16

# Database & Engine Drivers
mysqlclient==2.2.4

# API Engine & Helpers
djangorestframework==3.15.2

# Cache, Redis & Async Protocols
redis==8.0.1

# Production ASGI Server & Async Extensions
h11==0.14.0
httptools==0.6.4
uvloop==0.21.0
watchfiles==1.0.4
websockets==14.1
uvicorn==0.34.0